{
  "name": "snowmeet_wechat_mini",
  "lockfileVersion": 3,
  "requires": true,
  "packages": {
    "": {
      "dependencies": {
        "firstui-uni": "^2.4.0"
      }
    },
    "node_modules/firstui-uni": {
      "version": "2.4.0",
      "resolved": "https://registry.npmjs.org/firstui-uni/-/firstui-uni-2.4.0.tgz",
      "integrity": "sha512-YYtdJCOxFamb45jqk1KTAi35n/lcL7NZNFyMxk9luLORxI4tB67eXxpHkcilt5WOuHOOzHedzGEkEfz+CgpAaw==",
      "license": "Apache"
    }
  }
}
